
Microsoft Visual Studio Solution File, Format Version 12.00
# Visual Studio 14
VisualStudioVersion = 14.0.24720.0
MinimumVisualStudioVersion = 10.0.40219.1
Project("{FAE04EC0-301F-11D3-BF4B-00C04F79EFBC}") = "PinDmd", "PinDmd\PinDmd.csproj", "{0318CC71-57C6-4F46-9495-6CACF0CF1505}"
EndProject
Project("{FAE04EC0-301F-11D3-BF4B-00C04F79EFBC}") = "App", "App\App.csproj", "{14EF89BE-8F54-4562-A165-E13589B8FB66}"
EndProject
Global
	GlobalSection(SolutionConfigurationPlatforms) = preSolution
		Debug|Any CPU = Debug|Any CPU
		Release|Any CPU = Release|Any CPU
	EndGlobalSection
	GlobalSection(ProjectConfigurationPlatforms) = postSolution
		{0318CC71-57C6-4F46-9495-6CACF0CF1505}.Debug|Any CPU.ActiveCfg = Debug|Any CPU
		{0318CC71-57C6-4F46-9495-6CACF0CF1505}.Debug|Any CPU.Build.0 = Debug|Any CPU
		{0318CC71-57C6-4F46-9495-6CACF0CF1505}.Release|Any CPU.ActiveCfg = Release|Any CPU
		{0318CC71-57C6-4F46-9495-6CACF0CF1505}.Release|Any CPU.Build.0 = Release|Any CPU
		{14EF89BE-8F54-4562-A165-E13589B8FB66}.Debug|Any CPU.ActiveCfg = Debug|Any CPU
		{14EF89BE-8F54-4562-A165-E13589B8FB66}.Debug|Any CPU.Build.0 = Debug|Any CPU
		{14EF89BE-8F54-4562-A165-E13589B8FB66}.Release|Any CPU.ActiveCfg = Release|Any CPU
		{14EF89BE-8F54-4562-A165-E13589B8FB66}.Release|Any CPU.Build.0 = Release|Any CPU
	EndGlobalSection
	GlobalSection(SolutionProperties) = preSolution
		HideSolutionNode = FALSE
	EndGlobalSection
EndGlobal
